
Microsoft Visual Studio Solution File, Format Version 12.00
# Visual Studio Version 17
VisualStudioVersion = 17.3.32901.215
MinimumVisualStudioVersion = 10.0.40219.1
Project("{FAE04EC0-301F-11D3-BF4B-00C04F79EFBC}") = "Rectangle area", "Rectangle area.csproj", "{20A7A571-4B0F-4627-B630-F6836FA2BD67}"
EndProject
Global
	GlobalSection(SolutionConfigurationPlatforms) = preSolution
		Debug|Any CPU = Debug|Any CPU
		Release|Any CPU = Release|Any CPU
	EndGlobalSection
	GlobalSection(ProjectConfigurationPlatforms) = postSolution
		{20A7A571-4B0F-4627-B630-F6836FA2BD67}.Debug|Any CPU.ActiveCfg = Debug|Any CPU
		{20A7A571-4B0F-4627-B630-F6836FA2BD67}.Debug|Any CPU.Build.0 = Debug|Any CPU
		{20A7A571-4B0F-4627-B630-F6836FA2BD67}.Release|Any CPU.ActiveCfg = Release|Any CPU
		{20A7A571-4B0F-4627-B630-F6836FA2BD67}.Release|Any CPU.Build.0 = Release|Any CPU
	EndGlobalSection
	GlobalSection(SolutionProperties) = preSolution
		HideSolutionNode = FALSE
	EndGlobalSection
	GlobalSection(ExtensibilityGlobals) = postSolution
		SolutionGuid = {AAC2A4FF-7F29-47A0-8A60-F4D4CC309E83}
	EndGlobalSection
EndGlobal
